
Microsoft Visual Studio Solution File, Format Version 12.00
# Visual Studio Version 16
VisualStudioVersion = 16.0.29709.97
MinimumVisualStudioVersion = 10.0.40219.1
Project("{FAE04EC0-301F-11D3-BF4B-00C04F79EFBC}") = "lm_km", "src\lm_km\lm_km.csproj", "{86A959E0-0CA4-4678-938D-A401388C1CF8}"
EndProject
Project("{FAE04EC0-301F-11D3-BF4B-00C04F79EFBC}") = "lm_km.res", "src\lm_km.res\lm_km.res.csproj", "{EEFBB6F4-A32A-4BD5-B09E-5093B36236AB}"
EndProject
Project("{FAE04EC0-301F-11D3-BF4B-00C04F79EFBC}") = "lm_km.ui", "src\lm_km.ui\lm_km.ui.csproj", "{CD10F1C0-4B76-4ED5-8C6B-BB02FFDCB578}"
EndProject
Project("{FAE04EC0-301F-11D3-BF4B-00C04F79EFBC}") = "lm_km.core", "src\lm_km.core\lm_km.core.csproj", "{27D20F5C-643E-435E-8E37-3C6DA7461F2B}"
EndProject
Project("{FAE04EC0-301F-11D3-BF4B-00C04F79EFBC}") = "lm_km.coreTests", "src\lm_km.coreTests\lm_km.coreTests.csproj", "{7301ECD9-14B1-4CAF-8FE2-9D9C925CBA7D}"
EndProject
Project("{2150E333-8FDC-42A3-9474-1A3956D46DE8}") = "Solution Items", "Solution Items", "{89218998-94D9-43B3-ACAF-FE996A7F6AD6}"
	ProjectSection(SolutionItems) = preProject
		dat\KEYNOTES_TE AWA MANSHED.txt = dat\KEYNOTES_TE AWA MANSHED.txt
		addin\lm_km.addin = addin\lm_km.addin
		TODO = TODO
	EndProjectSection
EndProject
Global
	GlobalSection(SolutionConfigurationPlatforms) = preSolution
		Debug|Any CPU = Debug|Any CPU
		Release|Any CPU = Release|Any CPU
	EndGlobalSection
	GlobalSection(ProjectConfigurationPlatforms) = postSolution
		{86A959E0-0CA4-4678-938D-A401388C1CF8}.Debug|Any CPU.ActiveCfg = Debug|Any CPU
		{86A959E0-0CA4-4678-938D-A401388C1CF8}.Debug|Any CPU.Build.0 = Debug|Any CPU
		{86A959E0-0CA4-4678-938D-A401388C1CF8}.Release|Any CPU.ActiveCfg = Release|Any CPU
		{86A959E0-0CA4-4678-938D-A401388C1CF8}.Release|Any CPU.Build.0 = Release|Any CPU
		{EEFBB6F4-A32A-4BD5-B09E-5093B36236AB}.Debug|Any CPU.ActiveCfg = Debug|Any CPU
		{EEFBB6F4-A32A-4BD5-B09E-5093B36236AB}.Debug|Any CPU.Build.0 = Debug|Any CPU
		{EEFBB6F4-A32A-4BD5-B09E-5093B36236AB}.Release|Any CPU.ActiveCfg = Release|Any CPU
		{EEFBB6F4-A32A-4BD5-B09E-5093B36236AB}.Release|Any CPU.Build.0 = Release|Any CPU
		{CD10F1C0-4B76-4ED5-8C6B-BB02FFDCB578}.Debug|Any CPU.ActiveCfg = Debug|Any CPU
		{CD10F1C0-4B76-4ED5-8C6B-BB02FFDCB578}.Debug|Any CPU.Build.0 = Debug|Any CPU
		{CD10F1C0-4B76-4ED5-8C6B-BB02FFDCB578}.Release|Any CPU.ActiveCfg = Release|Any CPU
		{CD10F1C0-4B76-4ED5-8C6B-BB02FFDCB578}.Release|Any CPU.Build.0 = Release|Any CPU
		{27D20F5C-643E-435E-8E37-3C6DA7461F2B}.Debug|Any CPU.ActiveCfg = Debug|Any CPU
		{27D20F5C-643E-435E-8E37-3C6DA7461F2B}.Debug|Any CPU.Build.0 = Debug|Any CPU
		{27D20F5C-643E-435E-8E37-3C6DA7461F2B}.Release|Any CPU.ActiveCfg = Release|Any CPU
		{27D20F5C-643E-435E-8E37-3C6DA7461F2B}.Release|Any CPU.Build.0 = Release|Any CPU
		{7301ECD9-14B1-4CAF-8FE2-9D9C925CBA7D}.Debug|Any CPU.ActiveCfg = Debug|Any CPU
		{7301ECD9-14B1-4CAF-8FE2-9D9C925CBA7D}.Debug|Any CPU.Build.0 = Debug|Any CPU
		{7301ECD9-14B1-4CAF-8FE2-9D9C925CBA7D}.Release|Any CPU.ActiveCfg = Release|Any CPU
		{7301ECD9-14B1-4CAF-8FE2-9D9C925CBA7D}.Release|Any CPU.Build.0 = Release|Any CPU
	EndGlobalSection
	GlobalSection(SolutionProperties) = preSolution
		HideSolutionNode = FALSE
	EndGlobalSection
	GlobalSection(ExtensibilityGlobals) = postSolution
		SolutionGuid = {AC0F77D4-9402-4002-A007-EBFE69F7FB3B}
	EndGlobalSection
EndGlobal
